
Microsoft Visual Studio Solution File, Format Version 12.00
# Visual Studio Version 17
VisualStudioVersion = 17.9.34723.18
MinimumVisualStudioVersion = 10.0.40219.1
Project("{FAE04EC0-301F-11D3-BF4B-00C04F79EFBC}") = "KingBakery", "KingBakery.csproj", "{47DFAC71-A46E-4E37-9718-0491DBF26EFA}"
EndProject
Global
	GlobalSection(SolutionConfigurationPlatforms) = preSolution
		Debug|Any CPU = Debug|Any CPU
		Release|Any CPU = Release|Any CPU
	EndGlobalSection
	GlobalSection(ProjectConfigurationPlatforms) = postSolution
		{47DFAC71-A46E-4E37-9718-0491DBF26EFA}.Debug|Any CPU.ActiveCfg = Debug|Any CPU
		{47DFAC71-A46E-4E37-9718-0491DBF26EFA}.Debug|Any CPU.Build.0 = Debug|Any CPU
		{47DFAC71-A46E-4E37-9718-0491DBF26EFA}.Release|Any CPU.ActiveCfg = Release|Any CPU
		{47DFAC71-A46E-4E37-9718-0491DBF26EFA}.Release|Any CPU.Build.0 = Release|Any CPU
	EndGlobalSection
	GlobalSection(SolutionProperties) = preSolution
		HideSolutionNode = FALSE
	EndGlobalSection
	GlobalSection(ExtensibilityGlobals) = postSolution
		SolutionGuid = {4C75DC9F-8EE1-4400-9BF2-A55EE2F56AFC}
	EndGlobalSection
EndGlobal
